
Microsoft Visual Studio Solution File, Format Version 11.00
# Visual Studio 2010
Project("{8BC9CEB8-8B4A-11D0-8D11-00A0C91BC942}") = "4-C", "4-C\4-C.vcxproj", "{14409633-7815-4D45-B466-20C3C0DD3316}"
EndProject
Global
	GlobalSection(SolutionConfigurationPlatforms) = preSolution
		Debug|Win32 = Debug|Win32
		Release|Win32 = Release|Win32
	EndGlobalSection
	GlobalSection(ProjectConfigurationPlatforms) = postSolution
		{14409633-7815-4D45-B466-20C3C0DD3316}.Debug|Win32.ActiveCfg = Debug|Win32
		{14409633-7815-4D45-B466-20C3C0DD3316}.Debug|Win32.Build.0 = Debug|Win32
		{14409633-7815-4D45-B466-20C3C0DD3316}.Release|Win32.ActiveCfg = Release|Win32
		{14409633-7815-4D45-B466-20C3C0DD3316}.Release|Win32.Build.0 = Release|Win32
	EndGlobalSection
	GlobalSection(SolutionProperties) = preSolution
		HideSolutionNode = FALSE
	EndGlobalSection
EndGlobal
