
Microsoft Visual Studio Solution File, Format Version 12.00
# Visual Studio 14
VisualStudioVersion = 14.0.25420.1
MinimumVisualStudioVersion = 10.0.40219.1
Project("{8BC9CEB8-8B4A-11D0-8D11-00A0C91BC942}") = "5-B", "5-B.vcxproj", "{99757598-30D0-42C0-AEBD-857DB466E256}"
EndProject
Global
	GlobalSection(SolutionConfigurationPlatforms) = preSolution
		Debug|x64 = Debug|x64
		Debug|x86 = Debug|x86
		Release|x64 = Release|x64
		Release|x86 = Release|x86
	EndGlobalSection
	GlobalSection(ProjectConfigurationPlatforms) = postSolution
		{99757598-30D0-42C0-AEBD-857DB466E256}.Debug|x64.ActiveCfg = Debug|x64
		{99757598-30D0-42C0-AEBD-857DB466E256}.Debug|x64.Build.0 = Debug|x64
		{99757598-30D0-42C0-AEBD-857DB466E256}.Debug|x86.ActiveCfg = Debug|Win32
		{99757598-30D0-42C0-AEBD-857DB466E256}.Debug|x86.Build.0 = Debug|Win32
		{99757598-30D0-42C0-AEBD-857DB466E256}.Release|x64.ActiveCfg = Release|x64
		{99757598-30D0-42C0-AEBD-857DB466E256}.Release|x64.Build.0 = Release|x64
		{99757598-30D0-42C0-AEBD-857DB466E256}.Release|x86.ActiveCfg = Release|Win32
		{99757598-30D0-42C0-AEBD-857DB466E256}.Release|x86.Build.0 = Release|Win32
	EndGlobalSection
	GlobalSection(SolutionProperties) = preSolution
		HideSolutionNode = FALSE
	EndGlobalSection
EndGlobal
